{
  "nodes": {
    "crane": {
      "inputs": {
        "flake-compat": "flake-compat",
        "flake-utils": "flake-utils_2",
        "nixpkgs": [
          "pyproject",
          "mdbook-nixdoc",
          "nixpkgs"
        ],
        "rust-overlay": "rust-overlay"
      },
      "locked": {
        "lastModified": 1688772518,
        "narHash": "sha256-ol7gZxwvgLnxNSZwFTDJJ49xVY5teaSvF7lzlo3YQfM=",
        "owner": "ipetkov",
        "repo": "crane",
        "rev": "8b08e96c9af8c6e3a2b69af5a7fa168750fcf88e",
        "type": "github"
      },
      "original": {
        "owner": "ipetkov",
        "repo": "crane",
        "type": "github"
      }
    },
    "flake-compat": {
      "flake": false,
      "locked": {
        "lastModified": 1673956053,
        "narHash": "sha256-4gtG9iQuiKITOjNQQeQIpoIB6b16fm+504Ch3sNKLd8=",
        "owner": "edolstra",
        "repo": "flake-compat",
        "rev": "35bb57c0c8d8b62bbfd284272c928ceb64ddbde9",
        "type": "github"
      },
      "original": {
        "owner": "edolstra",
        "repo": "flake-compat",
        "type": "github"
      }
    },
    "flake-compat_2": {
      "flake": false,
      "locked": {
        "lastModified": 1673956053,
        "narHash": "sha256-4gtG9iQuiKITOjNQQeQIpoIB6b16fm+504Ch3sNKLd8=",
        "owner": "edolstra",
        "repo": "flake-compat",
        "rev": "35bb57c0c8d8b62bbfd284272c928ceb64ddbde9",
        "type": "github"
      },
      "original": {
        "owner": "edolstra",
        "repo": "flake-compat",
        "type": "github"
      }
    },
    "flake-parts": {
      "inputs": {
        "nixpkgs-lib": [
          "pyproject",
          "nixpkgs"
        ]
      },
      "locked": {
        "lastModified": 1688466019,
        "narHash": "sha256-VeM2akYrBYMsb4W/MmBo1zmaMfgbL4cH3Pu8PGyIwJ0=",
        "owner": "hercules-ci",
        "repo": "flake-parts",
        "rev": "8e8d955c22df93dbe24f19ea04f47a74adbdc5ec",
        "type": "github"
      },
      "original": {
        "owner": "hercules-ci",
        "repo": "flake-parts",
        "type": "github"
      }
    },
    "flake-parts_2": {
      "inputs": {
        "nixpkgs-lib": [
          "pyproject",
          "mdbook-nixdoc",
          "nixpkgs"
        ]
      },
      "locked": {
        "lastModified": 1688466019,
        "narHash": "sha256-VeM2akYrBYMsb4W/MmBo1zmaMfgbL4cH3Pu8PGyIwJ0=",
        "owner": "hercules-ci",
        "repo": "flake-parts",
        "rev": "8e8d955c22df93dbe24f19ea04f47a74adbdc5ec",
        "type": "github"
      },
      "original": {
        "owner": "hercules-ci",
        "repo": "flake-parts",
        "type": "github"
      }
    },
    "flake-parts_3": {
      "inputs": {
        "nixpkgs-lib": [
          "pyproject",
          "nix-unit",
          "nixpkgs"
        ]
      },
      "locked": {
        "lastModified": 1688466019,
        "narHash": "sha256-VeM2akYrBYMsb4W/MmBo1zmaMfgbL4cH3Pu8PGyIwJ0=",
        "owner": "hercules-ci",
        "repo": "flake-parts",
        "rev": "8e8d955c22df93dbe24f19ea04f47a74adbdc5ec",
        "type": "github"
      },
      "original": {
        "owner": "hercules-ci",
        "repo": "flake-parts",
        "type": "github"
      }
    },
    "flake-root": {
      "locked": {
        "lastModified": 1680964220,
        "narHash": "sha256-dIdTYcf+KW9a4pKHsEbddvLVSfR1yiAJynzg2x0nfWg=",
        "owner": "srid",
        "repo": "flake-root",
        "rev": "f1c0b93d05bdbea6c011136ba1a135c80c5b326c",
        "type": "github"
      },
      "original": {
        "owner": "srid",
        "repo": "flake-root",
        "type": "github"
      }
    },
    "flake-utils": {
      "inputs": {
        "systems": "systems"
      },
      "locked": {
        "lastModified": 1692799911,
        "narHash": "sha256-3eihraek4qL744EvQXsK1Ha6C3CR7nnT8X2qWap4RNk=",
        "owner": "numtide",
        "repo": "flake-utils",
        "rev": "f9e7cf818399d17d347f847525c5a5a8032e4e44",
        "type": "github"
      },
      "original": {
        "owner": "numtide",
        "repo": "flake-utils",
        "type": "github"
      }
    },
    "flake-utils_2": {
      "inputs": {
        "systems": "systems_2"
      },
      "locked": {
        "lastModified": 1687709756,
        "narHash": "sha256-Y5wKlQSkgEK2weWdOu4J3riRd+kV/VCgHsqLNTTWQ/0=",
        "owner": "numtide",
        "repo": "flake-utils",
        "rev": "dbabf0ca0c0c4bce6ea5eaf65af5cb694d2082c7",
        "type": "github"
      },
      "original": {
        "owner": "numtide",
        "repo": "flake-utils",
        "type": "github"
      }
    },
    "flake-utils_3": {
      "locked": {
        "lastModified": 1678901627,
        "narHash": "sha256-U02riOqrKKzwjsxc/400XnElV+UtPUQWpANPlyazjH0=",
        "owner": "numtide",
        "repo": "flake-utils",
        "rev": "93a2b84fc4b70d9e089d029deacc3583435c2ed6",
        "type": "github"
      },
      "original": {
        "owner": "numtide",
        "repo": "flake-utils",
        "type": "github"
      }
    },
    "mdbook-nixdoc": {
      "inputs": {
        "crane": "crane",
        "flake-parts": "flake-parts_2",
        "nix-github-actions": "nix-github-actions",
        "nixpkgs": [
          "pyproject",
          "nixpkgs"
        ],
        "treefmt-nix": "treefmt-nix"
      },
      "locked": {
        "lastModified": 1690635304,
        "narHash": "sha256-4KOlJeUHXTHWmye62ZjpSuc59yjG8QOn3BRq947cU9I=",
        "owner": "adisbladis",
        "repo": "mdbook-nixdoc",
        "rev": "a65fa759b41852b046bfe267d5fdc1d92aca0b48",
        "type": "github"
      },
      "original": {
        "owner": "adisbladis",
        "repo": "mdbook-nixdoc",
        "type": "github"
      }
    },
    "nix-github-actions": {
      "inputs": {
        "nixpkgs": [
          "pyproject",
          "mdbook-nixdoc",
          "nixpkgs"
        ]
      },
      "locked": {
        "lastModified": 1688870561,
        "narHash": "sha256-4UYkifnPEw1nAzqqPOTL2MvWtm3sNGw1UTYTalkTcGY=",
        "owner": "nix-community",
        "repo": "nix-github-actions",
        "rev": "165b1650b753316aa7f1787f3005a8d2da0f5301",
        "type": "github"
      },
      "original": {
        "owner": "nix-community",
        "repo": "nix-github-actions",
        "type": "github"
      }
    },
    "nix-github-actions_2": {
      "inputs": {
        "nixpkgs": [
          "pyproject",
          "nixpkgs"
        ]
      },
      "locked": {
        "lastModified": 1688870561,
        "narHash": "sha256-4UYkifnPEw1nAzqqPOTL2MvWtm3sNGw1UTYTalkTcGY=",
        "owner": "nix-community",
        "repo": "nix-github-actions",
        "rev": "165b1650b753316aa7f1787f3005a8d2da0f5301",
        "type": "github"
      },
      "original": {
        "owner": "nix-community",
        "repo": "nix-github-actions",
        "type": "github"
      }
    },
    "nix-github-actions_3": {
      "inputs": {
        "nixpkgs": [
          "pyproject",
          "nix-unit",
          "nixpkgs"
        ]
      },
      "locked": {
        "lastModified": 1688870561,
        "narHash": "sha256-4UYkifnPEw1nAzqqPOTL2MvWtm3sNGw1UTYTalkTcGY=",
        "owner": "nix-community",
        "repo": "nix-github-actions",
        "rev": "165b1650b753316aa7f1787f3005a8d2da0f5301",
        "type": "github"
      },
      "original": {
        "owner": "nix-community",
        "repo": "nix-github-actions",
        "type": "github"
      }
    },
    "nix-unit": {
      "inputs": {
        "flake-parts": "flake-parts_3",
        "nix-github-actions": "nix-github-actions_3",
        "nixpkgs": [
          "pyproject",
          "nixpkgs"
        ],
        "treefmt-nix": "treefmt-nix_2"
      },
      "locked": {
        "lastModified": 1690289081,
        "narHash": "sha256-PCXQAQt8+i2pkUym9P1JY4JGoeZJLzzxWBhprHDdItM=",
        "owner": "adisbladis",
        "repo": "nix-unit",
        "rev": "a9d6f33e50d4dcd9cfc0c92253340437bbae282b",
        "type": "github"
      },
      "original": {
        "owner": "adisbladis",
        "repo": "nix-unit",
        "type": "github"
      }
    },
    "nixdoc": {
      "inputs": {
        "flake-compat": "flake-compat_2",
        "flake-utils": "flake-utils_3",
        "nixpkgs": [
          "pyproject",
          "nixpkgs"
        ]
      },
      "locked": {
        "lastModified": 1690632003,
        "narHash": "sha256-cEMehtxkqXAar/fDy3CnzsDEAuC1ABBaYqzqVBGnTrs=",
        "owner": "nix-community",
        "repo": "nixdoc",
        "rev": "401100fefa898e3198df2ba81426388e91694368",
        "type": "github"
      },
      "original": {
        "owner": "nix-community",
        "repo": "nixdoc",
        "type": "github"
      }
    },
    "nixpkgs": {
      "locked": {
        "lastModified": 1693355128,
        "narHash": "sha256-+ZoAny3ZxLcfMaUoLVgL9Ywb/57wP+EtsdNGuXUJrwg=",
        "owner": "NixOS",
        "repo": "nixpkgs",
        "rev": "a63a64b593dcf2fe05f7c5d666eb395950f36bc9",
        "type": "github"
      },
      "original": {
        "id": "nixpkgs",
        "type": "indirect"
      }
    },
    "proc-flake": {
      "locked": {
        "lastModified": 1671388981,
        "narHash": "sha256-p++h07G0qiJtnjnyJRPehLIXJ3sU5zGtpOfZbnUxuZU=",
        "owner": "srid",
        "repo": "proc-flake",
        "rev": "676b5af467e52c06aa8a9165edb3345c6dbbabde",
        "type": "github"
      },
      "original": {
        "owner": "srid",
        "repo": "proc-flake",
        "type": "github"
      }
    },
    "pyproject": {
      "inputs": {
        "flake-parts": "flake-parts",
        "flake-root": "flake-root",
        "mdbook-nixdoc": "mdbook-nixdoc",
        "nix-github-actions": "nix-github-actions_2",
        "nix-unit": "nix-unit",
        "nixdoc": "nixdoc",
        "nixpkgs": [
          "nixpkgs"
        ],
        "proc-flake": "proc-flake",
        "treefmt-nix": "treefmt-nix_3"
      },
      "locked": {
        "lastModified": 1691708493,
        "narHash": "sha256-r/jDgPAt/RLQ6inA9Ddmsq5I0zJwFu2ntarUySj2q+g=",
        "owner": "adisbladis",
        "repo": "pyproject.nix",
        "rev": "70b8bf0fdf75ab051b2bb3ce616f893b3fef837c",
        "type": "github"
      },
      "original": {
        "owner": "adisbladis",
        "repo": "pyproject.nix",
        "type": "github"
      }
    },
    "root": {
      "inputs": {
        "flake-utils": "flake-utils",
        "nixpkgs": "nixpkgs",
        "pyproject": "pyproject"
      }
    },
    "rust-overlay": {
      "inputs": {
        "flake-utils": [
          "pyproject",
          "mdbook-nixdoc",
          "crane",
          "flake-utils"
        ],
        "nixpkgs": [
          "pyproject",
          "mdbook-nixdoc",
          "crane",
          "nixpkgs"
        ]
      },
      "locked": {
        "lastModified": 1688351637,
        "narHash": "sha256-CLTufJ29VxNOIZ8UTg0lepsn3X03AmopmaLTTeHDCL4=",
        "owner": "oxalica",
        "repo": "rust-overlay",
        "rev": "f9b92316727af9e6c7fee4a761242f7f46880329",
        "type": "github"
      },
      "original": {
        "owner": "oxalica",
        "repo": "rust-overlay",
        "type": "github"
      }
    },
    "systems": {
      "locked": {
        "lastModified": 1681028828,
        "narHash": "sha256-Vy1rq5AaRuLzOxct8nz4T6wlgyUR7zLU309k9mBC768=",
        "owner": "nix-systems",
        "repo": "default",
        "rev": "da67096a3b9bf56a91d16901293e51ba5b49a27e",
        "type": "github"
      },
      "original": {
        "owner": "nix-systems",
        "repo": "default",
        "type": "github"
      }
    },
    "systems_2": {
      "locked": {
        "lastModified": 1681028828,
        "narHash": "sha256-Vy1rq5AaRuLzOxct8nz4T6wlgyUR7zLU309k9mBC768=",
        "owner": "nix-systems",
        "repo": "default",
        "rev": "da67096a3b9bf56a91d16901293e51ba5b49a27e",
        "type": "github"
      },
      "original": {
        "owner": "nix-systems",
        "repo": "default",
        "type": "github"
      }
    },
    "treefmt-nix": {
      "inputs": {
        "nixpkgs": [
          "pyproject",
          "mdbook-nixdoc",
          "nixpkgs"
        ]
      },
      "locked": {
        "lastModified": 1689620039,
        "narHash": "sha256-BtNwghr05z7k5YMdq+6nbue+nEalvDepuA7qdQMAKoQ=",
        "owner": "numtide",
        "repo": "treefmt-nix",
        "rev": "719c2977f958c41fa60a928e2fbc50af14844114",
        "type": "github"
      },
      "original": {
        "owner": "numtide",
        "repo": "treefmt-nix",
        "type": "github"
      }
    },
    "treefmt-nix_2": {
      "inputs": {
        "nixpkgs": [
          "pyproject",
          "nix-unit",
          "nixpkgs"
        ]
      },
      "locked": {
        "lastModified": 1689620039,
        "narHash": "sha256-BtNwghr05z7k5YMdq+6nbue+nEalvDepuA7qdQMAKoQ=",
        "owner": "numtide",
        "repo": "treefmt-nix",
        "rev": "719c2977f958c41fa60a928e2fbc50af14844114",
        "type": "github"
      },
      "original": {
        "owner": "numtide",
        "repo": "treefmt-nix",
        "type": "github"
      }
    },
    "treefmt-nix_3": {
      "inputs": {
        "nixpkgs": [
          "pyproject",
          "nixpkgs"
        ]
      },
      "locked": {
        "lastModified": 1689620039,
        "narHash": "sha256-BtNwghr05z7k5YMdq+6nbue+nEalvDepuA7qdQMAKoQ=",
        "owner": "numtide",
        "repo": "treefmt-nix",
        "rev": "719c2977f958c41fa60a928e2fbc50af14844114",
        "type": "github"
      },
      "original": {
        "owner": "numtide",
        "repo": "treefmt-nix",
        "type": "github"
      }
    }
  },
  "root": "root",
  "version": 7
}
